
Microsoft Visual Studio Solution File, Format Version 12.00
# Visual Studio Version 17
VisualStudioVersion = 17.11.35208.52
MinimumVisualStudioVersion = 10.0.40219.1
Project("{FAE04EC0-301F-11D3-BF4B-00C04F79EFBC}") = "PaulLarrea_Taller1PrograIV", "PaulLarrea_Taller1PrograIV\PaulLarrea_Taller1PrograIV.csproj", "{72780DE7-B81B-44CA-A6AA-C2D9001C0E5B}"
EndProject
Global
	GlobalSection(SolutionConfigurationPlatforms) = preSolution
		Debug|Any CPU = Debug|Any CPU
		Release|Any CPU = Release|Any CPU
	EndGlobalSection
	GlobalSection(ProjectConfigurationPlatforms) = postSolution
		{72780DE7-B81B-44CA-A6AA-C2D9001C0E5B}.Debug|Any CPU.ActiveCfg = Debug|Any CPU
		{72780DE7-B81B-44CA-A6AA-C2D9001C0E5B}.Debug|Any CPU.Build.0 = Debug|Any CPU
		{72780DE7-B81B-44CA-A6AA-C2D9001C0E5B}.Release|Any CPU.ActiveCfg = Release|Any CPU
		{72780DE7-B81B-44CA-A6AA-C2D9001C0E5B}.Release|Any CPU.Build.0 = Release|Any CPU
	EndGlobalSection
	GlobalSection(SolutionProperties) = preSolution
		HideSolutionNode = FALSE
	EndGlobalSection
	GlobalSection(ExtensibilityGlobals) = postSolution
		SolutionGuid = {BBE202F1-C62A-45EF-BEED-7EC0438976B4}
	EndGlobalSection
EndGlobal
